<?xml version="1.0" encoding="utf-8"?>
<Project ToolsVersion="4.0" xmlns="http://schemas.microsoft.com/developer/msbuild/2003">
  <ItemGroup>
    <Filter Include="Source Files">
      <UniqueIdentifier>{4FC737F1-C7A5-4376-A066-2A32D752A2FF}</UniqueIdentifier>
      <Extensions>cpp;c;cc;cxx;c++;cppm;ixx;def;odl;idl;hpj;bat;asm;asmx</Extensions>
    </Filter>
    <Filter Include="Header Files">
      <UniqueIdentifier>{93995380-89BD-4b04-88EB-625FBE52EBFB}</UniqueIdentifier>
      <Extensions>h;hh;hpp;hxx;h++;hm;inl;inc;ipp;xsd</Extensions>
    </Filter>
    <Filter Include="Resource Files">
      <UniqueIdentifier>{67DA6AB6-F800-4c08-8B7A-83BB121AAD01}</UniqueIdentifier>
      <Extensions>rc;ico;cur;bmp;dlg;rc2;rct;bin;rgs;gif;jpg;jpeg;jpe;resx;tiff;tif;png;wav;mfcribbon-ms</Extensions>
    </Filter>
    <Filter Include="Header Files\OBJLoader">
      <UniqueIdentifier>{234d11c6-cd8f-4281-929e-cf25c9431e3f}</UniqueIdentifier>
    </Filter>
    <Filter Include="Header Files\Shader">
      <UniqueIdentifier>{ac94801a-d499-4955-8ecb-03c0a84559c4}</UniqueIdentifier>
    </Filter>
    <Filter Include="Resource Files\Shaders">
      <UniqueIdentifier>{7675a4c7-7d35-438d-9ac9-b5a6aaff0224}</UniqueIdentifier>
    </Filter>
    <Filter Include="Header Files\Camera">
      <UniqueIdentifier>{f6bbf730-357b-4124-8a77-ac55c780cedb}</UniqueIdentifier>
    </Filter>
    <Filter Include="Header Files\ProteinLoader">
      <UniqueIdentifier>{439f4118-cd29-4b50-9cc5-8a625dbc6702}</UniqueIdentifier>
    </Filter>
    <Filter Include="Header Files\VRLoader">
      <UniqueIdentifier>{11dec4df-b957-49b6-8c06-6c932628384a}</UniqueIdentifier>
    </Filter>
    <Filter Include="Header Files\Protein3D">
      <UniqueIdentifier>{0fd4f97f-c6d6-40ed-bac4-97413e084a06}</UniqueIdentifier>
    </Filter>
    <Filter Include="Header Files\ImGui">
      <UniqueIdentifier>{5057d284-5aa6-4099-81e0-456cc6be4025}</UniqueIdentifier>
    </Filter>
    <Filter Include="Resource Files\Controller Bindings">
      <UniqueIdentifier>{7fea50fe-b186-428c-a289-dca982085585}</UniqueIdentifier>
    </Filter>
    <Filter Include="Header Files\GUILoader">
      <UniqueIdentifier>{23edb035-d2d4-4944-8407-626e8138bf8e}</UniqueIdentifier>
    </Filter>
    <Filter Include="Header Files\3D">
      <UniqueIdentifier>{f8590259-ca67-4b29-918b-9361d31852af}</UniqueIdentifier>
    </Filter>
    <Filter Include="Header Files\FrameBuffer">
      <UniqueIdentifier>{4aff3b1c-ddc9-4c64-85be-f62b7033019d}</UniqueIdentifier>
    </Filter>
  </ItemGroup>
  <ItemGroup>
    <ClCompile Include="src\DockItUI.cpp">
      <Filter>Source Files</Filter>
    </ClCompile>
    <ClCompile Include="src\OBJLoader.cpp">
      <Filter>Header Files\OBJLoader</Filter>
    </ClCompile>
    <ClCompile Include="src\Shader.cpp">
      <Filter>Header Files\Shader</Filter>
    </ClCompile>
    <ClCompile Include="src\Model3D.cpp">
      <Filter>Header Files\3D</Filter>
    </ClCompile>
    <ClCompile Include="src\Camera.cpp">
      <Filter>Header Files\Camera</Filter>
    </ClCompile>
    <ClCompile Include="src\ProteinLoader.cpp">
      <Filter>Header Files\ProteinLoader</Filter>
    </ClCompile>
    <ClCompile Include="src\VRLoader.cpp">
      <Filter>Header Files\VRLoader</Filter>
    </ClCompile>
    <ClCompile Include="src\DataTable.cpp">
      <Filter>Header Files\ProteinLoader</Filter>
    </ClCompile>
    <ClCompile Include="src\Protein3D.cpp">
      <Filter>Header Files\Protein3D</Filter>
    </ClCompile>
    <ClCompile Include="libraries\imgui\imgui.cpp">
      <Filter>Header Files\ImGui</Filter>
    </ClCompile>
    <ClCompile Include="libraries\imgui\imgui_demo.cpp">
      <Filter>Header Files\ImGui</Filter>
    </ClCompile>
    <ClCompile Include="libraries\imgui\imgui_draw.cpp">
      <Filter>Header Files\ImGui</Filter>
    </ClCompile>
    <ClCompile Include="libraries\imgui\imgui_impl_glfw.cpp">
      <Filter>Header Files\ImGui</Filter>
    </ClCompile>
    <ClCompile Include="libraries\imgui\imgui_impl_opengl3.cpp">
      <Filter>Header Files\ImGui</Filter>
    </ClCompile>
    <ClCompile Include="libraries\imgui\imgui_tables.cpp">
      <Filter>Header Files\ImGui</Filter>
    </ClCompile>
    <ClCompile Include="libraries\imgui\imgui_widgets.cpp">
      <Filter>Header Files\ImGui</Filter>
    </ClCompile>
    <ClCompile Include="src\GUILoader.cpp">
      <Filter>Header Files\GUILoader</Filter>
    </ClCompile>
    <ClCompile Include="src\Sphere.cpp">
      <Filter>Header Files\3D</Filter>
    </ClCompile>
    <ClCompile Include="src\ImGui3D.cpp">
      <Filter>Header Files\3D</Filter>
    </ClCompile>
    <ClCompile Include="src\FrameBuffer.cpp">
      <Filter>Header Files\FrameBuffer</Filter>
    </ClCompile>
  </ItemGroup>
  <ItemGroup>
    <ClInclude Include="src\OBJLoader.h">
      <Filter>Header Files\OBJLoader</Filter>
    </ClInclude>
    <ClInclude Include="src\Shader.h">
      <Filter>Header Files\Shader</Filter>
    </ClInclude>
    <ClInclude Include="src\Model3D.h">
      <Filter>Header Files\3D</Filter>
    </ClInclude>
    <ClInclude Include="src\Camera.h">
      <Filter>Header Files\Camera</Filter>
    </ClInclude>
    <ClInclude Include="src\ProteinLoader.h">
      <Filter>Header Files\ProteinLoader</Filter>
    </ClInclude>
    <ClInclude Include="src\VRLoader.h">
      <Filter>Header Files\VRLoader</Filter>
    </ClInclude>
    <ClInclude Include="src\DataTable.h">
      <Filter>Header Files\ProteinLoader</Filter>
    </ClInclude>
    <ClInclude Include="src\Protein3D.h">
      <Filter>Header Files\Protein3D</Filter>
    </ClInclude>
    <ClInclude Include="libraries\imgui\imconfig.h">
      <Filter>Header Files\ImGui</Filter>
    </ClInclude>
    <ClInclude Include="libraries\imgui\imgui.h">
      <Filter>Header Files\ImGui</Filter>
    </ClInclude>
    <ClInclude Include="libraries\imgui\imgui_impl_glfw.h">
      <Filter>Header Files\ImGui</Filter>
    </ClInclude>
    <ClInclude Include="libraries\imgui\imgui_impl_opengl3.h">
      <Filter>Header Files\ImGui</Filter>
    </ClInclude>
    <ClInclude Include="libraries\imgui\imgui_impl_opengl3_loader.h">
      <Filter>Header Files\ImGui</Filter>
    </ClInclude>
    <ClInclude Include="libraries\imgui\imgui_internal.h">
      <Filter>Header Files\ImGui</Filter>
    </ClInclude>
    <ClInclude Include="libraries\imgui\imstb_rectpack.h">
      <Filter>Header Files\ImGui</Filter>
    </ClInclude>
    <ClInclude Include="libraries\imgui\imstb_textedit.h">
      <Filter>Header Files\ImGui</Filter>
    </ClInclude>
    <ClInclude Include="libraries\imgui\imstb_truetype.h">
      <Filter>Header Files\ImGui</Filter>
    </ClInclude>
    <ClInclude Include="src\GUILoader.h">
      <Filter>Header Files\GUILoader</Filter>
    </ClInclude>
    <ClInclude Include="src\Sphere.h">
      <Filter>Header Files\3D</Filter>
    </ClInclude>
    <ClInclude Include="src\ImGui3D.h">
      <Filter>Header Files\3D</Filter>
    </ClInclude>
    <ClInclude Include="src\FrameBuffer.h">
      <Filter>Header Files\FrameBuffer</Filter>
    </ClInclude>
  </ItemGroup>
  <ItemGroup>
    <None Include="src\shaders\basic.shader">
      <Filter>Resource Files\Shaders</Filter>
    </None>
    <None Include="src\shaders\basicvr.shader">
      <Filter>Resource Files\Shaders</Filter>
    </None>
    <None Include="src\shaders\basicvr_colour.shader">
      <Filter>Resource Files\Shaders</Filter>
    </None>
    <None Include="src\shaders\basicvr_texture.shader">
      <Filter>Resource Files\Shaders</Filter>
    </None>
    <None Include="src\shaders\quad.shader">
      <Filter>Resource Files\Shaders</Filter>
    </None>
    <None Include="src\shaders\quad3d.shader">
      <Filter>Resource Files\Shaders</Filter>
    </None>
    <None Include="x64\Debug\hellovr_actions.json">
      <Filter>Resource Files\Controller Bindings</Filter>
    </None>
    <None Include="x64\Debug\hellovr_bindings_generic.json">
      <Filter>Resource Files\Controller Bindings</Filter>
    </None>
    <None Include="x64\Debug\hellovr_bindings_vive_controller.json">
      <Filter>Resource Files\Controller Bindings</Filter>
    </None>
  </ItemGroup>
</Project>